
Microsoft Visual Studio Solution File, Format Version 12.00
Project("{FAE04EC0-301F-11D3-BF4B-00C04F79EFBC}") = "Infrastructure", "Infrastructure\Infrastructure.csproj", "{F2A12D3B-3D3A-49F8-8F9F-E01C5F1CECFF}"
EndProject
Project("{FAE04EC0-301F-11D3-BF4B-00C04F79EFBC}") = "Domain", "Domain\Domain.csproj", "{F4D25E6C-8A63-4D1C-8402-878493B58A23}"
EndProject
Project("{FAE04EC0-301F-11D3-BF4B-00C04F79EFBC}") = "Program", "Program\Program.csproj", "{841570D9-6D3F-44E3-8A0D-44191E546E54}"
EndProject
Global
	GlobalSection(SolutionConfigurationPlatforms) = preSolution
		Debug|Any CPU = Debug|Any CPU
		Release|Any CPU = Release|Any CPU
	EndGlobalSection
	GlobalSection(ProjectConfigurationPlatforms) = postSolution
		{F2A12D3B-3D3A-49F8-8F9F-E01C5F1CECFF}.Debug|Any CPU.ActiveCfg = Debug|Any CPU
		{F2A12D3B-3D3A-49F8-8F9F-E01C5F1CECFF}.Debug|Any CPU.Build.0 = Debug|Any CPU
		{F2A12D3B-3D3A-49F8-8F9F-E01C5F1CECFF}.Release|Any CPU.ActiveCfg = Release|Any CPU
		{F2A12D3B-3D3A-49F8-8F9F-E01C5F1CECFF}.Release|Any CPU.Build.0 = Release|Any CPU
		{F4D25E6C-8A63-4D1C-8402-878493B58A23}.Debug|Any CPU.ActiveCfg = Debug|Any CPU
		{F4D25E6C-8A63-4D1C-8402-878493B58A23}.Debug|Any CPU.Build.0 = Debug|Any CPU
		{F4D25E6C-8A63-4D1C-8402-878493B58A23}.Release|Any CPU.ActiveCfg = Release|Any CPU
		{F4D25E6C-8A63-4D1C-8402-878493B58A23}.Release|Any CPU.Build.0 = Release|Any CPU
		{841570D9-6D3F-44E3-8A0D-44191E546E54}.Debug|Any CPU.ActiveCfg = Debug|Any CPU
		{841570D9-6D3F-44E3-8A0D-44191E546E54}.Debug|Any CPU.Build.0 = Debug|Any CPU
		{841570D9-6D3F-44E3-8A0D-44191E546E54}.Release|Any CPU.ActiveCfg = Release|Any CPU
		{841570D9-6D3F-44E3-8A0D-44191E546E54}.Release|Any CPU.Build.0 = Release|Any CPU
	EndGlobalSection
EndGlobal
